{
  "name": "@zoff-tech/zt-qr-scan",
  "version": "0.0.5",
  "lockfileVersion": 1,
  "requires": true,
  "dependencies": {
    "@stencil/core": {
      "version": "2.12.0",
      "resolved": "https://registry.npmjs.org/@stencil/core/-/core-2.12.0.tgz",
      "integrity": "sha512-hQlQKh5CUJe8g3L5avLLsfgVu95HMS2LToTtS7gpvvP0eKes1VvAC56uhI+vH4u44GZl9ck/g1rJBVRmMWu0LA=="
    },
    "jsqr-es6": {
      "version": "1.4.0-1",
      "resolved": "https://registry.npmjs.org/jsqr-es6/-/jsqr-es6-1.4.0-1.tgz",
      "integrity": "sha512-LPWZJLI+3LLOy9k3/s/MeXlkfNOs3bYBX5O+fp4N0XuxbgO8H7Uc/nYZeNwo13nSZXRW9xWFKmZdy9591+PyAg=="
    }
  }
}
